
Microsoft Visual Studio Solution File, Format Version 12.00
Project("{2150E333-8FDC-42A3-9474-1A3956D46DE8}") = "src", "src", "{FD5FA813-6CD0-4581-B3F6-9AFA6EDA3046}"
EndProject
Project("{2150E333-8FDC-42A3-9474-1A3956D46DE8}") = "common", "common", "{99B731CB-552E-4EAE-954E-96E8DAFF6A0D}"
ProjectSection(SolutionItems) = preProject
	.gitignore = .gitignore
	Dockerfile = Dockerfile
	README.md = README.md
EndProjectSection
EndProject
Project("{2150E333-8FDC-42A3-9474-1A3956D46DE8}") = "tests", "tests", "{AA7C3F33-23DE-4BC8-9BEB-0E3B0CF1EEC1}"
EndProject
Project("{2150E333-8FDC-42A3-9474-1A3956D46DE8}") = "tools", "tools", "{D502A8DA-5EB3-4F60-812D-251B8500F838}"
EndProject
Project("{2150E333-8FDC-42A3-9474-1A3956D46DE8}") = "deploy", "deploy", "{0B3B19D6-78F1-4B8F-9160-52EE9479CCA1}"
ProjectSection(SolutionItems) = preProject
	deploy\docker-compose.yml = deploy\docker-compose.yml
EndProjectSection
EndProject
Project("{FAE04EC0-301F-11D3-BF4B-00C04F79EFBC}") = "OzoneEdu.MerchandiseService", "src\OzoneEdu.MerchandiseService\OzoneEdu.MerchandiseService.csproj", "{7A88CD18-AF45-4FF3-AC46-817FACF0C59F}"
EndProject
Project("{FAE04EC0-301F-11D3-BF4B-00C04F79EFBC}") = "OzoneEdu.Infrastructure", "src\OzoneEdu.Infrastructure\OzoneEdu.Infrastructure.csproj", "{E5510B90-70AC-4D6A-AE84-87079B2CD476}"
EndProject
Project("{FAE04EC0-301F-11D3-BF4B-00C04F79EFBC}") = "OzonEdu.Grpc", "src\OzonEdu.Grpc\OzonEdu.Grpc.csproj", "{CBCD8575-8DD7-4488-BED5-3CDB0C3AF627}"
EndProject
Project("{FAE04EC0-301F-11D3-BF4B-00C04F79EFBC}") = "OzonEdu.GrpcClient", "src\OzonEdu.GrpcClient\OzonEdu.GrpcClient.csproj", "{962B141F-52E2-4790-B21E-35CF9D54A7FD}"
EndProject
Project("{FAE04EC0-301F-11D3-BF4B-00C04F79EFBC}") = "OzonEdu.HttpModels", "src\OzonEdu.HttpModels\OzonEdu.HttpModels.csproj", "{632C213A-1E1A-42D1-956A-6192E0066B85}"
EndProject
Project("{FAE04EC0-301F-11D3-BF4B-00C04F79EFBC}") = "OzonEdu.HttpClients", "src\OzonEdu.HttpClients\OzonEdu.HttpClients.csproj", "{99B15597-7636-4737-AAC6-1C6143CCCC52}"
EndProject
Project("{FAE04EC0-301F-11D3-BF4B-00C04F79EFBC}") = "OzonEdu.MerchApi.Domain", "src\OzonEdu.MerchApi.Domain\OzonEdu.MerchApi.Domain.csproj", "{15585EB9-8034-4017-BF23-0CEEF3DB5DA7}"
EndProject
Project("{FAE04EC0-301F-11D3-BF4B-00C04F79EFBC}") = "OzonEdu.MerchApi.Domain.Tests", "tests\OzonEdu.MerchApi.Domain.Tests\OzonEdu.MerchApi.Domain.Tests.csproj", "{3A512F71-7353-4183-9300-282B5E1907F8}"
EndProject
Global
	GlobalSection(SolutionConfigurationPlatforms) = preSolution
		Debug|Any CPU = Debug|Any CPU
		Release|Any CPU = Release|Any CPU
	EndGlobalSection
	GlobalSection(NestedProjects) = preSolution
		{7A88CD18-AF45-4FF3-AC46-817FACF0C59F} = {FD5FA813-6CD0-4581-B3F6-9AFA6EDA3046}
		{E5510B90-70AC-4D6A-AE84-87079B2CD476} = {FD5FA813-6CD0-4581-B3F6-9AFA6EDA3046}
		{CBCD8575-8DD7-4488-BED5-3CDB0C3AF627} = {FD5FA813-6CD0-4581-B3F6-9AFA6EDA3046}
		{962B141F-52E2-4790-B21E-35CF9D54A7FD} = {FD5FA813-6CD0-4581-B3F6-9AFA6EDA3046}
		{632C213A-1E1A-42D1-956A-6192E0066B85} = {FD5FA813-6CD0-4581-B3F6-9AFA6EDA3046}
		{99B15597-7636-4737-AAC6-1C6143CCCC52} = {FD5FA813-6CD0-4581-B3F6-9AFA6EDA3046}
		{15585EB9-8034-4017-BF23-0CEEF3DB5DA7} = {FD5FA813-6CD0-4581-B3F6-9AFA6EDA3046}
		{3A512F71-7353-4183-9300-282B5E1907F8} = {AA7C3F33-23DE-4BC8-9BEB-0E3B0CF1EEC1}
	EndGlobalSection
	GlobalSection(ProjectConfigurationPlatforms) = postSolution
		{7A88CD18-AF45-4FF3-AC46-817FACF0C59F}.Debug|Any CPU.ActiveCfg = Debug|Any CPU
		{7A88CD18-AF45-4FF3-AC46-817FACF0C59F}.Debug|Any CPU.Build.0 = Debug|Any CPU
		{7A88CD18-AF45-4FF3-AC46-817FACF0C59F}.Release|Any CPU.ActiveCfg = Release|Any CPU
		{7A88CD18-AF45-4FF3-AC46-817FACF0C59F}.Release|Any CPU.Build.0 = Release|Any CPU
		{E5510B90-70AC-4D6A-AE84-87079B2CD476}.Debug|Any CPU.ActiveCfg = Debug|Any CPU
		{E5510B90-70AC-4D6A-AE84-87079B2CD476}.Debug|Any CPU.Build.0 = Debug|Any CPU
		{E5510B90-70AC-4D6A-AE84-87079B2CD476}.Release|Any CPU.ActiveCfg = Release|Any CPU
		{E5510B90-70AC-4D6A-AE84-87079B2CD476}.Release|Any CPU.Build.0 = Release|Any CPU
		{CBCD8575-8DD7-4488-BED5-3CDB0C3AF627}.Debug|Any CPU.ActiveCfg = Debug|Any CPU
		{CBCD8575-8DD7-4488-BED5-3CDB0C3AF627}.Debug|Any CPU.Build.0 = Debug|Any CPU
		{CBCD8575-8DD7-4488-BED5-3CDB0C3AF627}.Release|Any CPU.ActiveCfg = Release|Any CPU
		{CBCD8575-8DD7-4488-BED5-3CDB0C3AF627}.Release|Any CPU.Build.0 = Release|Any CPU
		{962B141F-52E2-4790-B21E-35CF9D54A7FD}.Debug|Any CPU.ActiveCfg = Debug|Any CPU
		{962B141F-52E2-4790-B21E-35CF9D54A7FD}.Debug|Any CPU.Build.0 = Debug|Any CPU
		{962B141F-52E2-4790-B21E-35CF9D54A7FD}.Release|Any CPU.ActiveCfg = Release|Any CPU
		{962B141F-52E2-4790-B21E-35CF9D54A7FD}.Release|Any CPU.Build.0 = Release|Any CPU
		{632C213A-1E1A-42D1-956A-6192E0066B85}.Debug|Any CPU.ActiveCfg = Debug|Any CPU
		{632C213A-1E1A-42D1-956A-6192E0066B85}.Debug|Any CPU.Build.0 = Debug|Any CPU
		{632C213A-1E1A-42D1-956A-6192E0066B85}.Release|Any CPU.ActiveCfg = Release|Any CPU
		{632C213A-1E1A-42D1-956A-6192E0066B85}.Release|Any CPU.Build.0 = Release|Any CPU
		{99B15597-7636-4737-AAC6-1C6143CCCC52}.Debug|Any CPU.ActiveCfg = Debug|Any CPU
		{99B15597-7636-4737-AAC6-1C6143CCCC52}.Debug|Any CPU.Build.0 = Debug|Any CPU
		{99B15597-7636-4737-AAC6-1C6143CCCC52}.Release|Any CPU.ActiveCfg = Release|Any CPU
		{99B15597-7636-4737-AAC6-1C6143CCCC52}.Release|Any CPU.Build.0 = Release|Any CPU
		{15585EB9-8034-4017-BF23-0CEEF3DB5DA7}.Debug|Any CPU.ActiveCfg = Debug|Any CPU
		{15585EB9-8034-4017-BF23-0CEEF3DB5DA7}.Debug|Any CPU.Build.0 = Debug|Any CPU
		{15585EB9-8034-4017-BF23-0CEEF3DB5DA7}.Release|Any CPU.ActiveCfg = Release|Any CPU
		{15585EB9-8034-4017-BF23-0CEEF3DB5DA7}.Release|Any CPU.Build.0 = Release|Any CPU
		{3A512F71-7353-4183-9300-282B5E1907F8}.Debug|Any CPU.ActiveCfg = Debug|Any CPU
		{3A512F71-7353-4183-9300-282B5E1907F8}.Debug|Any CPU.Build.0 = Debug|Any CPU
		{3A512F71-7353-4183-9300-282B5E1907F8}.Release|Any CPU.ActiveCfg = Release|Any CPU
		{3A512F71-7353-4183-9300-282B5E1907F8}.Release|Any CPU.Build.0 = Release|Any CPU
	EndGlobalSection
EndGlobal
